// !$*UTF8*$!
{
	archiveVersion = 1;
	classes = {
	};
	objectVersion = 46;
	objects = {

/* Begin PBXBuildFile section */
		EB9BF7381C37043200B26ED0 /* AppDelegate.swift in Sources */ = {isa = PBXBuildFile; fileRef = EB9BF7371C37043200B26ED0 /* AppDelegate.swift */; };
		EB9BF73B1C37043200B26ED0 /* CocoaBindingReusableViews.xcdatamodeld in Sources */ = {isa = PBXBuildFile; fileRef = EB9BF7391C37043200B26ED0 /* CocoaBindingReusableViews.xcdatamodeld */; };
		EB9BF73D1C37043200B26ED0 /* Assets.xcassets in Resources */ = {isa = PBXBuildFile; fileRef = EB9BF73C1C37043200B26ED0 /* Assets.xcassets */; };
		EB9BF7401C37043200B26ED0 /* MainMenu.xib in Resources */ = {isa = PBXBuildFile; fileRef = EB9BF73E1C37043200B26ED0 /* MainMenu.xib */; };
		EB9BF7561C37078700B26ED0 /* ManagersWindowController.swift in Sources */ = {isa = PBXBuildFile; fileRef = EB9BF7551C37078700B26ED0 /* ManagersWindowController.swift */; };
		EB9BF75D1C37096500B26ED0 /* Employee.swift in Sources */ = {isa = PBXBuildFile; fileRef = EB9BF7571C37096500B26ED0 /* Employee.swift */; };
		EB9BF75E1C37096500B26ED0 /* Employee+CoreDataProperties.swift in Sources */ = {isa = PBXBuildFile; fileRef = EB9BF7581C37096500B26ED0 /* Employee+CoreDataProperties.swift */; };
		EB9BF75F1C37096500B26ED0 /* Manager.swift in Sources */ = {isa = PBXBuildFile; fileRef = EB9BF7591C37096500B26ED0 /* Manager.swift */; };
		EB9BF7601C37096500B26ED0 /* Manager+CoreDataProperties.swift in Sources */ = {isa = PBXBuildFile; fileRef = EB9BF75A1C37096500B26ED0 /* Manager+CoreDataProperties.swift */; };
		EB9BF7611C37096500B26ED0 /* Person.swift in Sources */ = {isa = PBXBuildFile; fileRef = EB9BF75B1C37096500B26ED0 /* Person.swift */; };
		EB9BF7621C37096500B26ED0 /* Person+CoreDataProperties.swift in Sources */ = {isa = PBXBuildFile; fileRef = EB9BF75C1C37096500B26ED0 /* Person+CoreDataProperties.swift */; };
		EB9BF7641C370E4500B26ED0 /* Inspector.xib in Resources */ = {isa = PBXBuildFile; fileRef = EB9BF7631C370E4500B26ED0 /* Inspector.xib */; };
		EB9BF7671C370E8100B26ED0 /* InspectorWindowController.swift in Sources */ = {isa = PBXBuildFile; fileRef = EB9BF7661C370E8100B26ED0 /* InspectorWindowController.swift */; };
		EB9BF7691C37236500B26ED0 /* ManagerInspector.xib in Resources */ = {isa = PBXBuildFile; fileRef = EB9BF7681C37236500B26ED0 /* ManagerInspector.xib */; };
		EB9BF76B1C37238200B26ED0 /* EmployeeInspector.xib in Resources */ = {isa = PBXBuildFile; fileRef = EB9BF76A1C37238200B26ED0 /* EmployeeInspector.xib */; };
		EB9BF76D1C37239600B26ED0 /* PersonInspector.xib in Resources */ = {isa = PBXBuildFile; fileRef = EB9BF76C1C37239600B26ED0 /* PersonInspector.xib */; };
/* End PBXBuildFile section */

/* Begin PBXFileReference section */
		EB9BF7341C37043200B26ED0 /* CocoaBindingReusableViews.app */ = {isa = PBXFileReference; explicitFileType = wrapper.application; includeInIndex = 0; path = CocoaBindingReusableViews.app; sourceTree = BUILT_PRODUCTS_DIR; };
		EB9BF7371C37043200B26ED0 /* AppDelegate.swift */ = {isa = PBXFileReference; lastKnownFileType = sourcecode.swift; path = AppDelegate.swift; sourceTree = "<group>"; };
		EB9BF73A1C37043200B26ED0 /* CocoaBindingReusableViews.xcdatamodel */ = {isa = PBXFileReference; lastKnownFileType = wrapper.xcdatamodel; path = CocoaBindingReusableViews.xcdatamodel; sourceTree = "<group>"; };
		EB9BF73C1C37043200B26ED0 /* Assets.xcassets */ = {isa = PBXFileReference; lastKnownFileType = folder.assetcatalog; path = Assets.xcassets; sourceTree = "<group>"; };
		EB9BF73F1C37043200B26ED0 /* Base */ = {isa = PBXFileReference; lastKnownFileType = file.xib; name = Base; path = Base.lproj/MainMenu.xib; sourceTree = "<group>"; };
		EB9BF7411C37043200B26ED0 /* Info.plist */ = {isa = PBXFileReference; lastKnownFileType = text.plist.xml; path = Info.plist; sourceTree = "<group>"; };
		EB9BF7551C37078700B26ED0 /* ManagersWindowController.swift */ = {isa = PBXFileReference; fileEncoding = 4; lastKnownFileType = sourcecode.swift; name = ManagersWindowController.swift; path = "CocoaBindingReusableViews/UI Classes/ManagersWindowController.swift"; sourceTree = "<group>"; };
		EB9BF7571C37096500B26ED0 /* Employee.swift */ = {isa = PBXFileReference; fileEncoding = 4; lastKnownFileType = sourcecode.swift; path = Employee.swift; sourceTree = "<group>"; };
		EB9BF7581C37096500B26ED0 /* Employee+CoreDataProperties.swift */ = {isa = PBXFileReference; fileEncoding = 4; lastKnownFileType = sourcecode.swift; path = "Employee+CoreDataProperties.swift"; sourceTree = "<group>"; };
		EB9BF7591C37096500B26ED0 /* Manager.swift */ = {isa = PBXFileReference; fileEncoding = 4; lastKnownFileType = sourcecode.swift; path = Manager.swift; sourceTree = "<group>"; };
		EB9BF75A1C37096500B26ED0 /* Manager+CoreDataProperties.swift */ = {isa = PBXFileReference; fileEncoding = 4; lastKnownFileType = sourcecode.swift; path = "Manager+CoreDataProperties.swift"; sourceTree = "<group>"; };
		EB9BF75B1C37096500B26ED0 /* Person.swift */ = {isa = PBXFileReference; fileEncoding = 4; lastKnownFileType = sourcecode.swift; path = Person.swift; sourceTree = "<group>"; };
		EB9BF75C1C37096500B26ED0 /* Person+CoreDataProperties.swift */ = {isa = PBXFileReference; fileEncoding = 4; lastKnownFileType = sourcecode.swift; path = "Person+CoreDataProperties.swift"; sourceTree = "<group>"; };
		EB9BF7631C370E4500B26ED0 /* Inspector.xib */ = {isa = PBXFileReference; fileEncoding = 4; lastKnownFileType = file.xib; name = Inspector.xib; path = CocoaBindingReusableViews/XIBs/Inspector.xib; sourceTree = "<group>"; };
		EB9BF7661C370E8100B26ED0 /* InspectorWindowController.swift */ = {isa = PBXFileReference; fileEncoding = 4; lastKnownFileType = sourcecode.swift; name = InspectorWindowController.swift; path = "CocoaBindingReusableViews/UI Classes/InspectorWindowController.swift"; sourceTree = "<group>"; };
		EB9BF7681C37236500B26ED0 /* ManagerInspector.xib */ = {isa = PBXFileReference; fileEncoding = 4; lastKnownFileType = file.xib; name = ManagerInspector.xib; path = CocoaBindingReusableViews/XIBs/ManagerInspector.xib; sourceTree = "<group>"; };
		EB9BF76A1C37238200B26ED0 /* EmployeeInspector.xib */ = {isa = PBXFileReference; fileEncoding = 4; lastKnownFileType = file.xib; name = EmployeeInspector.xib; path = CocoaBindingReusableViews/XIBs/EmployeeInspector.xib; sourceTree = "<group>"; };
		EB9BF76C1C37239600B26ED0 /* PersonInspector.xib */ = {isa = PBXFileReference; fileEncoding = 4; lastKnownFileType = file.xib; name = PersonInspector.xib; path = CocoaBindingReusableViews/XIBs/PersonInspector.xib; sourceTree = "<group>"; };
/* End PBXFileReference section */

/* Begin PBXFrameworksBuildPhase section */
		EB9BF7311C37043200B26ED0 /* Frameworks */ = {
			isa = PBXFrameworksBuildPhase;
			buildActionMask = 2147483647;
			files = (
			);
			runOnlyForDeploymentPostprocessing = 0;
		};
/* End PBXFrameworksBuildPhase section */

/* Begin PBXGroup section */
		EB9BF72B1C37043200B26ED0 = {
			isa = PBXGroup;
			children = (
				EB9BF7651C370E4B00B26ED0 /* XIBs */,
				EB9BF7541C37073900B26ED0 /* UI Classes */,
				EB9BF7531C37067E00B26ED0 /* Core Data Models */,
				EB9BF7361C37043200B26ED0 /* CocoaBindingReusableViews */,
				EB9BF7351C37043200B26ED0 /* Products */,
			);
			sourceTree = "<group>";
		};
		EB9BF7351C37043200B26ED0 /* Products */ = {
			isa = PBXGroup;
			children = (
				EB9BF7341C37043200B26ED0 /* CocoaBindingReusableViews.app */,
			);
			name = Products;
			sourceTree = "<group>";
		};
		EB9BF7361C37043200B26ED0 /* CocoaBindingReusableViews */ = {
			isa = PBXGroup;
			children = (
				EB9BF7371C37043200B26ED0 /* AppDelegate.swift */,
				EB9BF73C1C37043200B26ED0 /* Assets.xcassets */,
				EB9BF73E1C37043200B26ED0 /* MainMenu.xib */,
				EB9BF7411C37043200B26ED0 /* Info.plist */,
				EB9BF7391C37043200B26ED0 /* CocoaBindingReusableViews.xcdatamodeld */,
			);
			path = CocoaBindingReusableViews;
			sourceTree = "<group>";
		};
		EB9BF7531C37067E00B26ED0 /* Core Data Models */ = {
			isa = PBXGroup;
			children = (
				EB9BF7571C37096500B26ED0 /* Employee.swift */,
				EB9BF7581C37096500B26ED0 /* Employee+CoreDataProperties.swift */,
				EB9BF7591C37096500B26ED0 /* Manager.swift */,
				EB9BF75A1C37096500B26ED0 /* Manager+CoreDataProperties.swift */,
				EB9BF75B1C37096500B26ED0 /* Person.swift */,
				EB9BF75C1C37096500B26ED0 /* Person+CoreDataProperties.swift */,
			);
			name = "Core Data Models";
			path = "CocoaBindingReusableViews/Core Data Models";
			sourceTree = "<group>";
		};
		EB9BF7541C37073900B26ED0 /* UI Classes */ = {
			isa = PBXGroup;
			children = (
				EB9BF7551C37078700B26ED0 /* ManagersWindowController.swift */,
				EB9BF7661C370E8100B26ED0 /* InspectorWindowController.swift */,
			);
			name = "UI Classes";
			sourceTree = "<group>";
		};
		EB9BF7651C370E4B00B26ED0 /* XIBs */ = {
			isa = PBXGroup;
			children = (
				EB9BF7631C370E4500B26ED0 /* Inspector.xib */,
				EB9BF7681C37236500B26ED0 /* ManagerInspector.xib */,
				EB9BF76A1C37238200B26ED0 /* EmployeeInspector.xib */,
				EB9BF76C1C37239600B26ED0 /* PersonInspector.xib */,
			);
			name = XIBs;
			sourceTree = "<group>";
		};
/* End PBXGroup section */

/* Begin PBXNativeTarget section */
		EB9BF7331C37043200B26ED0 /* CocoaBindingReusableViews */ = {
			isa = PBXNativeTarget;
			buildConfigurationList = EB9BF7441C37043200B26ED0 /* Build configuration list for PBXNativeTarget "CocoaBindingReusableViews" */;
			buildPhases = (
				EB9BF7301C37043200B26ED0 /* Sources */,
				EB9BF7311C37043200B26ED0 /* Frameworks */,
				EB9BF7321C37043200B26ED0 /* Resources */,
			);
			buildRules = (
			);
			dependencies = (
			);
			name = CocoaBindingReusableViews;
			productName = CocoaBindingReusableViews;
			productReference = EB9BF7341C37043200B26ED0 /* CocoaBindingReusableViews.app */;
			productType = "com.apple.product-type.application";
		};
/* End PBXNativeTarget section */

/* Begin PBXProject section */
		EB9BF72C1C37043200B26ED0 /* Project object */ = {
			isa = PBXProject;
			attributes = {
				LastSwiftUpdateCheck = 0720;
				LastUpgradeCheck = 0720;
				ORGANIZATIONNAME = AMTourky;
				TargetAttributes = {
					EB9BF7331C37043200B26ED0 = {
						CreatedOnToolsVersion = 7.2;
					};
				};
			};
			buildConfigurationList = EB9BF72F1C37043200B26ED0 /* Build configuration list for PBXProject "CocoaBindingReusableViews" */;
			compatibilityVersion = "Xcode 3.2";
			developmentRegion = English;
			hasScannedForEncodings = 0;
			knownRegions = (
				en,
				Base,
			);
			mainGroup = EB9BF72B1C37043200B26ED0;
			productRefGroup = EB9BF7351C37043200B26ED0 /* Products */;
			projectDirPath = "";
			projectRoot = "";
			targets = (
				EB9BF7331C37043200B26ED0 /* CocoaBindingReusableViews */,
			);
		};
/* End PBXProject section */

/* Begin PBXResourcesBuildPhase section */
		EB9BF7321C37043200B26ED0 /* Resources */ = {
			isa = PBXResourcesBuildPhase;
			buildActionMask = 2147483647;
			files = (
				EB9BF73D1C37043200B26ED0 /* Assets.xcassets in Resources */,
				EB9BF7641C370E4500B26ED0 /* Inspector.xib in Resources */,
				EB9BF76D1C37239600B26ED0 /* PersonInspector.xib in Resources */,
				EB9BF76B1C37238200B26ED0 /* EmployeeInspector.xib in Resources */,
				EB9BF7401C37043200B26ED0 /* MainMenu.xib in Resources */,
				EB9BF7691C37236500B26ED0 /* ManagerInspector.xib in Resources */,
			);
			runOnlyForDeploymentPostprocessing = 0;
		};
/* End PBXResourcesBuildPhase section */

/* Begin PBXSourcesBuildPhase section */
		EB9BF7301C37043200B26ED0 /* Sources */ = {
			isa = PBXSourcesBuildPhase;
			buildActionMask = 2147483647;
			files = (
				EB9BF7381C37043200B26ED0 /* AppDelegate.swift in Sources */,
				EB9BF75F1C37096500B26ED0 /* Manager.swift in Sources */,
				EB9BF7621C37096500B26ED0 /* Person+CoreDataProperties.swift in Sources */,
				EB9BF75D1C37096500B26ED0 /* Employee.swift in Sources */,
				EB9BF73B1C37043200B26ED0 /* CocoaBindingReusableViews.xcdatamodeld in Sources */,
				EB9BF7601C37096500B26ED0 /* Manager+CoreDataProperties.swift in Sources */,
				EB9BF7561C37078700B26ED0 /* ManagersWindowController.swift in Sources */,
				EB9BF7671C370E8100B26ED0 /* InspectorWindowController.swift in Sources */,
				EB9BF7611C37096500B26ED0 /* Person.swift in Sources */,
				EB9BF75E1C37096500B26ED0 /* Employee+CoreDataProperties.swift in Sources */,
			);
			runOnlyForDeploymentPostprocessing = 0;
		};
/* End PBXSourcesBuildPhase section */

/* Begin PBXVariantGroup section */
		EB9BF73E1C37043200B26ED0 /* MainMenu.xib */ = {
			isa = PBXVariantGroup;
			children = (
				EB9BF73F1C37043200B26ED0 /* Base */,
			);
			name = MainMenu.xib;
			sourceTree = "<group>";
		};
/* End PBXVariantGroup section */

/* Begin XCBuildConfiguration section */
		EB9BF7421C37043200B26ED0 /* Debug */ = {
			isa = XCBuildConfiguration;
			buildSettings = {
				ALWAYS_SEARCH_USER_PATHS = NO;
				CLANG_CXX_LANGUAGE_STANDARD = "gnu++0x";
				CLANG_CXX_LIBRARY = "libc++";
				CLANG_ENABLE_MODULES = YES;
				CLANG_ENABLE_OBJC_ARC = YES;
				CLANG_WARN_BOOL_CONVERSION = YES;
				CLANG_WARN_CONSTANT_CONVERSION = YES;
				CLANG_WARN_DIRECT_OBJC_ISA_USAGE = YES_ERROR;
				CLANG_WARN_EMPTY_BODY = YES;
				CLANG_WARN_ENUM_CONVERSION = YES;
				CLANG_WARN_INT_CONVERSION = YES;
				CLANG_WARN_OBJC_ROOT_CLASS = YES_ERROR;
				CLANG_WARN_UNREACHABLE_CODE = YES;
				CLANG_WARN__DUPLICATE_METHOD_MATCH = YES;
				CODE_SIGN_IDENTITY = "-";
				COPY_PHASE_STRIP = NO;
				DEBUG_INFORMATION_FORMAT = dwarf;
				ENABLE_STRICT_OBJC_MSGSEND = YES;
				ENABLE_TESTABILITY = YES;
				GCC_C_LANGUAGE_STANDARD = gnu99;
				GCC_DYNAMIC_NO_PIC = NO;
				GCC_NO_COMMON_BLOCKS = YES;
				GCC_OPTIMIZATION_LEVEL = 0;
				GCC_PREPROCESSOR_DEFINITIONS = (
					"DEBUG=1",
					"$(inherited)",
				);
				GCC_WARN_64_TO_32_BIT_CONVERSION = YES;
				GCC_WARN_ABOUT_RETURN_TYPE = YES_ERROR;
				GCC_WARN_UNDECLARED_SELECTOR = YES;
				GCC_WARN_UNINITIALIZED_AUTOS = YES_AGGRESSIVE;
				GCC_WARN_UNUSED_FUNCTION = YES;
				GCC_WARN_UNUSED_VARIABLE = YES;
				MACOSX_DEPLOYMENT_TARGET = 10.11;
				MTL_ENABLE_DEBUG_INFO = YES;
				ONLY_ACTIVE_ARCH = YES;
				SDKROOT = macosx;
				SWIFT_OPTIMIZATION_LEVEL = "-Onone";
			};
			name = Debug;
		};
		EB9BF7431C37043200B26ED0 /* Release */ = {
			isa = XCBuildConfiguration;
			buildSettings = {
				ALWAYS_SEARCH_USER_PATHS = NO;
				CLANG_CXX_LANGUAGE_STANDARD = "gnu++0x";
				CLANG_CXX_LIBRARY = "libc++";
				CLANG_ENABLE_MODULES = YES;
				CLANG_ENABLE_OBJC_ARC = YES;
				CLANG_WARN_BOOL_CONVERSION = YES;
				CLANG_WARN_CONSTANT_CONVERSION = YES;
				CLANG_WARN_DIRECT_OBJC_ISA_USAGE = YES_ERROR;
				CLANG_WARN_EMPTY_BODY = YES;
				CLANG_WARN_ENUM_CONVERSION = YES;
				CLANG_WARN_INT_CONVERSION = YES;
				CLANG_WARN_OBJC_ROOT_CLASS = YES_ERROR;
				CLANG_WARN_UNREACHABLE_CODE = YES;
				CLANG_WARN__DUPLICATE_METHOD_MATCH = YES;
				CODE_SIGN_IDENTITY = "-";
				COPY_PHASE_STRIP = NO;
				DEBUG_INFORMATION_FORMAT = "dwarf-with-dsym";
				ENABLE_NS_ASSERTIONS = NO;
				ENABLE_STRICT_OBJC_MSGSEND = YES;
				GCC_C_LANGUAGE_STANDARD = gnu99;
				GCC_NO_COMMON_BLOCKS = YES;
				GCC_WARN_64_TO_32_BIT_CONVERSION = YES;
				GCC_WARN_ABOUT_RETURN_TYPE = YES_ERROR;
				GCC_WARN_UNDECLARED_SELECTOR = YES;
				GCC_WARN_UNINITIALIZED_AUTOS = YES_AGGRESSIVE;
				GCC_WARN_UNUSED_FUNCTION = YES;
				GCC_WARN_UNUSED_VARIABLE = YES;
				MACOSX_DEPLOYMENT_TARGET = 10.11;
				MTL_ENABLE_DEBUG_INFO = NO;
				SDKROOT = macosx;
			};
			name = Release;
		};
		EB9BF7451C37043200B26ED0 /* Debug */ = {
			isa = XCBuildConfiguration;
			buildSettings = {
				ASSETCATALOG_COMPILER_APPICON_NAME = AppIcon;
				COMBINE_HIDPI_IMAGES = YES;
				INFOPLIST_FILE = CocoaBindingReusableViews/Info.plist;
				LD_RUNPATH_SEARCH_PATHS = "$(inherited) @executable_path/../Frameworks";
				PRODUCT_BUNDLE_IDENTIFIER = me.amtourky.CocoaBindingReusableViews;
				PRODUCT_NAME = "$(TARGET_NAME)";
			};
			name = Debug;
		};
		EB9BF7461C37043200B26ED0 /* Release */ = {
			isa = XCBuildConfiguration;
			buildSettings = {
				ASSETCATALOG_COMPILER_APPICON_NAME = AppIcon;
				COMBINE_HIDPI_IMAGES = YES;
				INFOPLIST_FILE = CocoaBindingReusableViews/Info.plist;
				LD_RUNPATH_SEARCH_PATHS = "$(inherited) @executable_path/../Frameworks";
				PRODUCT_BUNDLE_IDENTIFIER = me.amtourky.CocoaBindingReusableViews;
				PRODUCT_NAME = "$(TARGET_NAME)";
			};
			name = Release;
		};
/* End XCBuildConfiguration section */

/* Begin XCConfigurationList section */
		EB9BF72F1C37043200B26ED0 /* Build configuration list for PBXProject "CocoaBindingReusableViews" */ = {
			isa = XCConfigurationList;
			buildConfigurations = (
				EB9BF7421C37043200B26ED0 /* Debug */,
				EB9BF7431C37043200B26ED0 /* Release */,
			);
			defaultConfigurationIsVisible = 0;
			defaultConfigurationName = Release;
		};
		EB9BF7441C37043200B26ED0 /* Build configuration list for PBXNativeTarget "CocoaBindingReusableViews" */ = {
			isa = XCConfigurationList;
			buildConfigurations = (
				EB9BF7451C37043200B26ED0 /* Debug */,
				EB9BF7461C37043200B26ED0 /* Release */,
			);
			defaultConfigurationIsVisible = 0;
		};
/* End XCConfigurationList section */

/* Begin XCVersionGroup section */
		EB9BF7391C37043200B26ED0 /* CocoaBindingReusableViews.xcdatamodeld */ = {
			isa = XCVersionGroup;
			children = (
				EB9BF73A1C37043200B26ED0 /* CocoaBindingReusableViews.xcdatamodel */,
			);
			currentVersion = EB9BF73A1C37043200B26ED0 /* CocoaBindingReusableViews.xcdatamodel */;
			path = CocoaBindingReusableViews.xcdatamodeld;
			sourceTree = "<group>";
			versionGroupType = wrapper.xcdatamodel;
		};
/* End XCVersionGroup section */
	};
	rootObject = EB9BF72C1C37043200B26ED0 /* Project object */;
}
